
Microsoft Visual Studio Solution File, Format Version 12.00
# Visual Studio Version 16
VisualStudioVersion = 16.0.29411.108
MinimumVisualStudioVersion = 10.0.40219.1
Project("{FAE04EC0-301F-11D3-BF4B-00C04F79EFBC}") = "LojaVirtual", "LojaVirtual\LojaVirtual.csproj", "{57F4DA4C-2008-434A-82F1-E09497096096}"
EndProject
Global
	GlobalSection(SolutionConfigurationPlatforms) = preSolution
		Debug|Any CPU = Debug|Any CPU
		Release|Any CPU = Release|Any CPU
	EndGlobalSection
	GlobalSection(ProjectConfigurationPlatforms) = postSolution
		{57F4DA4C-2008-434A-82F1-E09497096096}.Debug|Any CPU.ActiveCfg = Debug|Any CPU
		{57F4DA4C-2008-434A-82F1-E09497096096}.Debug|Any CPU.Build.0 = Debug|Any CPU
		{57F4DA4C-2008-434A-82F1-E09497096096}.Release|Any CPU.ActiveCfg = Release|Any CPU
		{57F4DA4C-2008-434A-82F1-E09497096096}.Release|Any CPU.Build.0 = Release|Any CPU
	EndGlobalSection
	GlobalSection(SolutionProperties) = preSolution
		HideSolutionNode = FALSE
	EndGlobalSection
	GlobalSection(ExtensibilityGlobals) = postSolution
		SolutionGuid = {7BDC8B2C-3E35-4213-AF92-FCA22A1BFF81}
	EndGlobalSection
EndGlobal
