
Microsoft Visual Studio Solution File, Format Version 12.00
# Visual Studio Version 16
VisualStudioVersion = 16.0.29411.108
MinimumVisualStudioVersion = 10.0.40219.1
Project("{FAE04EC0-301F-11D3-BF4B-00C04F79EFBC}") = "ProjetoZero", "ProjetoZero\ProjetoZero.csproj", "{2C14FAF9-5FB7-4B11-946A-1DF85DC85208}"
EndProject
Global
	GlobalSection(SolutionConfigurationPlatforms) = preSolution
		Debug|Any CPU = Debug|Any CPU
		Release|Any CPU = Release|Any CPU
	EndGlobalSection
	GlobalSection(ProjectConfigurationPlatforms) = postSolution
		{2C14FAF9-5FB7-4B11-946A-1DF85DC85208}.Debug|Any CPU.ActiveCfg = Debug|Any CPU
		{2C14FAF9-5FB7-4B11-946A-1DF85DC85208}.Debug|Any CPU.Build.0 = Debug|Any CPU
		{2C14FAF9-5FB7-4B11-946A-1DF85DC85208}.Release|Any CPU.ActiveCfg = Release|Any CPU
		{2C14FAF9-5FB7-4B11-946A-1DF85DC85208}.Release|Any CPU.Build.0 = Release|Any CPU
	EndGlobalSection
	GlobalSection(SolutionProperties) = preSolution
		HideSolutionNode = FALSE
	EndGlobalSection
	GlobalSection(ExtensibilityGlobals) = postSolution
		SolutionGuid = {23CE3C2F-A45B-48A5-BBD1-53AC51F62667}
	EndGlobalSection
EndGlobal
